{
  "name": "xueyan-react-link",
  "version": "1.0.0",
  "lockfileVersion": 2,
  "requires": true,
  "packages": {
    "": {
      "name": "xueyan-react-link",
      "version": "1.0.0",
      "license": "LGPL-3.0",
      "dependencies": {
        "@babel/runtime": "^7.12.0",
        "xueyan-react-ellipsis": "^1.0.4"
      },
      "devDependencies": {
        "@types/react": ">=16.8.0",
        "classnames": "^2.3.0",
        "react": ">=16.8.0",
        "typescript": "^4.0.0"
      },
      "peerDependencies": {
        "classnames": "^2.3.0",
        "react": ">=16.8.0"
      }
    },
    "node_modules/@babel/runtime": {
      "version": "7.17.9",
      "resolved": "https://registry.npmjs.org/@babel/runtime/-/runtime-7.17.9.tgz",
      "integrity": "sha512-lSiBBvodq29uShpWGNbgFdKYNiFDo5/HIYsaCEY9ff4sb10x9jizo2+pRrSyF4jKZCXqgzuqBOQKbUm90gQwJg==",
      "dependencies": {
        "regenerator-runtime": "^0.13.4"
      },
      "engines": {
        "node": ">=6.9.0"
      }
    },
    "node_modules/@types/prop-types": {
      "version": "15.7.5",
      "resolved": "https://registry.npmjs.org/@types/prop-types/-/prop-types-15.7.5.tgz",
      "integrity": "sha512-JCB8C6SnDoQf0cNycqd/35A7MjcnK+ZTqE7judS6o7utxUCg6imJg3QK2qzHKszlTjcj2cn+NwMB2i96ubpj7w==",
      "dev": true
    },
    "node_modules/@types/react": {
      "version": "18.0.6",
      "resolved": "https://registry.npmjs.org/@types/react/-/react-18.0.6.tgz",
      "integrity": "sha512-bPqwzJRzKtfI0mVYr5R+1o9BOE8UEXefwc1LwcBtfnaAn6OoqMhLa/91VA8aeWfDPJt1kHvYKI8RHcQybZLHHA==",
      "dev": true,
      "dependencies": {
        "@types/prop-types": "*",
        "@types/scheduler": "*",
        "csstype": "^3.0.2"
      }
    },
    "node_modules/@types/scheduler": {
      "version": "0.16.2",
      "resolved": "https://registry.npmjs.org/@types/scheduler/-/scheduler-0.16.2.tgz",
      "integrity": "sha512-hppQEBDmlwhFAXKJX2KnWLYu5yMfi91yazPb2l+lbJiwW+wdo1gNeRA+3RgNSO39WYX2euey41KEwnqesU2Jew==",
      "dev": true
    },
    "node_modules/classnames": {
      "version": "2.3.1",
      "resolved": "https://registry.npmjs.org/classnames/-/classnames-2.3.1.tgz",
      "integrity": "sha512-OlQdbZ7gLfGarSqxesMesDa5uz7KFbID8Kpq/SxIoNGDqY8lSYs0D+hhtBXhcdB3rcbXArFr7vlHheLk1voeNA=="
    },
    "node_modules/csstype": {
      "version": "3.0.11",
      "resolved": "https://registry.npmjs.org/csstype/-/csstype-3.0.11.tgz",
      "integrity": "sha512-sa6P2wJ+CAbgyy4KFssIb/JNMLxFvKF1pCYCSXS8ZMuqZnMsrxqI2E5sPyoTpxoPU/gVZMzr2zjOfg8GIZOMsw==",
      "dev": true
    },
    "node_modules/eventemitter3": {
      "version": "4.0.7",
      "resolved": "https://registry.npmjs.org/eventemitter3/-/eventemitter3-4.0.7.tgz",
      "integrity": "sha512-8guHBZCwKnFhYdHr2ysuRWErTwhoN2X8XELRlrRwpmfeY2jjuUN4taQMsULKUVo1K4DvZl+0pgfyoysHxvmvEw=="
    },
    "node_modules/js-tokens": {
      "version": "4.0.0",
      "resolved": "https://registry.npmjs.org/js-tokens/-/js-tokens-4.0.0.tgz",
      "integrity": "sha512-RdJUflcE3cUzKiMqQgsCu06FPu9UdIJO0beYbPhHN4k6apgJtifcoCtT9bcxOpYBtpD2kCM6Sbzg4CausW/PKQ=="
    },
    "node_modules/lodash": {
      "version": "4.17.21",
      "resolved": "https://registry.npmjs.org/lodash/-/lodash-4.17.21.tgz",
      "integrity": "sha512-v2kDEe57lecTulaDIuNTPy3Ry4gLGJ6Z1O3vE1krgXZNrsQ+LFTGHVxVjcXPs17LhbZVGedAJv8XZ1tvj5FvSg==",
      "peer": true
    },
    "node_modules/loose-envify": {
      "version": "1.4.0",
      "resolved": "https://registry.npmjs.org/loose-envify/-/loose-envify-1.4.0.tgz",
      "integrity": "sha512-lyuxPGr/Wfhrlem2CL/UcnUc1zcqKAImBDzukY7Y5F/yQiNdko6+fRLevlw1HgMySw7f611UIY408EtxRSoK3Q==",
      "dependencies": {
        "js-tokens": "^3.0.0 || ^4.0.0"
      },
      "bin": {
        "loose-envify": "cli.js"
      }
    },
    "node_modules/react": {
      "version": "18.0.0",
      "resolved": "https://registry.npmjs.org/react/-/react-18.0.0.tgz",
      "integrity": "sha512-x+VL6wbT4JRVPm7EGxXhZ8w8LTROaxPXOqhlGyVSrv0sB1jkyFGgXxJ8LVoPRLvPR6/CIZGFmfzqUa2NYeMr2A==",
      "dependencies": {
        "loose-envify": "^1.1.0"
      },
      "engines": {
        "node": ">=0.10.0"
      }
    },
    "node_modules/regenerator-runtime": {
      "version": "0.13.9",
      "resolved": "https://registry.npmjs.org/regenerator-runtime/-/regenerator-runtime-0.13.9.tgz",
      "integrity": "sha512-p3VT+cOEgxFsRRA9X4lkI1E+k2/CtnKtU4gcxyaCUreilL/vqI6CdZ3wxVUx3UOUg+gnUOQQcRI7BmSI656MYA=="
    },
    "node_modules/typescript": {
      "version": "4.6.3",
      "resolved": "https://registry.npmjs.org/typescript/-/typescript-4.6.3.tgz",
      "integrity": "sha512-yNIatDa5iaofVozS/uQJEl3JRWLKKGJKh6Yaiv0GLGSuhpFJe7P3SbHZ8/yjAHRQwKRoA6YZqlfjXWmVzoVSMw==",
      "dev": true,
      "bin": {
        "tsc": "bin/tsc",
        "tsserver": "bin/tsserver"
      },
      "engines": {
        "node": ">=4.2.0"
      }
    },
    "node_modules/xueyan-react-ellipsis": {
      "version": "1.0.4",
      "resolved": "https://registry.npmjs.org/xueyan-react-ellipsis/-/xueyan-react-ellipsis-1.0.4.tgz",
      "integrity": "sha512-PUL0YoBRHYbSTrm+3h6fWwLoJXE9Jhpl1dtwVBahZzSgUV/VVhXUgom+L5SKGkrnLRr8A1nSnC8DUxd0ucKvDw==",
      "dependencies": {
        "@babel/runtime": "^7.12.0",
        "xueyan-react-popover": "^1.1.1"
      },
      "peerDependencies": {
        "classnames": "^2.3.0",
        "lodash": "^4.14.0",
        "react": ">=16.8.0"
      }
    },
    "node_modules/xueyan-react-popover": {
      "version": "1.2.0",
      "resolved": "https://registry.npmjs.org/xueyan-react-popover/-/xueyan-react-popover-1.2.0.tgz",
      "integrity": "sha512-FO5DWzxqJds5B4ybMHEqnaK+aq37RQ0gpILW0UMl2AYy68rHRqg936F2bE3AcWXOQ5OItQoGeJqVhLzlBzGXqQ==",
      "dependencies": {
        "@babel/runtime": "^7.12.0",
        "xueyan-react-style": "^1.2.0",
        "xueyan-react-transition": "^1.0.5"
      },
      "peerDependencies": {
        "classnames": "^2.3.0",
        "react": ">=16.8.0"
      }
    },
    "node_modules/xueyan-react-style": {
      "version": "1.2.1",
      "resolved": "https://registry.npmjs.org/xueyan-react-style/-/xueyan-react-style-1.2.1.tgz",
      "integrity": "sha512-LYvIms8N+rKfXv5BpnUXNXWeQwBM+UnmOssWqV/p/BUcXtra7JJos3rDYd5OOO0oPj8c0bWvlCD2wQp1tWJ0pg==",
      "dependencies": {
        "@babel/runtime": "^7.12.0",
        "eventemitter3": "^4.0.7"
      },
      "peerDependencies": {
        "classnames": "^2.3.0",
        "react": ">=16.8.0"
      }
    },
    "node_modules/xueyan-react-transition": {
      "version": "1.0.6",
      "resolved": "https://registry.npmjs.org/xueyan-react-transition/-/xueyan-react-transition-1.0.6.tgz",
      "integrity": "sha512-5ngBck7JDX38wKEM49zN5k2qWzgOHo7+cAHYCMv+ozAc+nI3+yonH6oa/BqMiwCNk8oBjHN6s6hK+hE8dNlqbQ==",
      "dependencies": {
        "@babel/runtime": "^7.12.0"
      },
      "peerDependencies": {
        "classnames": "^2.3.0",
        "react": ">=16.8.0"
      }
    }
  },
  "dependencies": {
    "@babel/runtime": {
      "version": "7.17.9",
      "resolved": "https://registry.npmjs.org/@babel/runtime/-/runtime-7.17.9.tgz",
      "integrity": "sha512-lSiBBvodq29uShpWGNbgFdKYNiFDo5/HIYsaCEY9ff4sb10x9jizo2+pRrSyF4jKZCXqgzuqBOQKbUm90gQwJg==",
      "requires": {
        "regenerator-runtime": "^0.13.4"
      }
    },
    "@types/prop-types": {
      "version": "15.7.5",
      "resolved": "https://registry.npmjs.org/@types/prop-types/-/prop-types-15.7.5.tgz",
      "integrity": "sha512-JCB8C6SnDoQf0cNycqd/35A7MjcnK+ZTqE7judS6o7utxUCg6imJg3QK2qzHKszlTjcj2cn+NwMB2i96ubpj7w==",
      "dev": true
    },
    "@types/react": {
      "version": "18.0.6",
      "resolved": "https://registry.npmjs.org/@types/react/-/react-18.0.6.tgz",
      "integrity": "sha512-bPqwzJRzKtfI0mVYr5R+1o9BOE8UEXefwc1LwcBtfnaAn6OoqMhLa/91VA8aeWfDPJt1kHvYKI8RHcQybZLHHA==",
      "dev": true,
      "requires": {
        "@types/prop-types": "*",
        "@types/scheduler": "*",
        "csstype": "^3.0.2"
      }
    },
    "@types/scheduler": {
      "version": "0.16.2",
      "resolved": "https://registry.npmjs.org/@types/scheduler/-/scheduler-0.16.2.tgz",
      "integrity": "sha512-hppQEBDmlwhFAXKJX2KnWLYu5yMfi91yazPb2l+lbJiwW+wdo1gNeRA+3RgNSO39WYX2euey41KEwnqesU2Jew==",
      "dev": true
    },
    "classnames": {
      "version": "2.3.1",
      "resolved": "https://registry.npmjs.org/classnames/-/classnames-2.3.1.tgz",
      "integrity": "sha512-OlQdbZ7gLfGarSqxesMesDa5uz7KFbID8Kpq/SxIoNGDqY8lSYs0D+hhtBXhcdB3rcbXArFr7vlHheLk1voeNA=="
    },
    "csstype": {
      "version": "3.0.11",
      "resolved": "https://registry.npmjs.org/csstype/-/csstype-3.0.11.tgz",
      "integrity": "sha512-sa6P2wJ+CAbgyy4KFssIb/JNMLxFvKF1pCYCSXS8ZMuqZnMsrxqI2E5sPyoTpxoPU/gVZMzr2zjOfg8GIZOMsw==",
      "dev": true
    },
    "eventemitter3": {
      "version": "4.0.7",
      "resolved": "https://registry.npmjs.org/eventemitter3/-/eventemitter3-4.0.7.tgz",
      "integrity": "sha512-8guHBZCwKnFhYdHr2ysuRWErTwhoN2X8XELRlrRwpmfeY2jjuUN4taQMsULKUVo1K4DvZl+0pgfyoysHxvmvEw=="
    },
    "js-tokens": {
      "version": "4.0.0",
      "resolved": "https://registry.npmjs.org/js-tokens/-/js-tokens-4.0.0.tgz",
      "integrity": "sha512-RdJUflcE3cUzKiMqQgsCu06FPu9UdIJO0beYbPhHN4k6apgJtifcoCtT9bcxOpYBtpD2kCM6Sbzg4CausW/PKQ=="
    },
    "lodash": {
      "version": "4.17.21",
      "resolved": "https://registry.npmjs.org/lodash/-/lodash-4.17.21.tgz",
      "integrity": "sha512-v2kDEe57lecTulaDIuNTPy3Ry4gLGJ6Z1O3vE1krgXZNrsQ+LFTGHVxVjcXPs17LhbZVGedAJv8XZ1tvj5FvSg==",
      "peer": true
    },
    "loose-envify": {
      "version": "1.4.0",
      "resolved": "https://registry.npmjs.org/loose-envify/-/loose-envify-1.4.0.tgz",
      "integrity": "sha512-lyuxPGr/Wfhrlem2CL/UcnUc1zcqKAImBDzukY7Y5F/yQiNdko6+fRLevlw1HgMySw7f611UIY408EtxRSoK3Q==",
      "requires": {
        "js-tokens": "^3.0.0 || ^4.0.0"
      }
    },
    "react": {
      "version": "18.0.0",
      "resolved": "https://registry.npmjs.org/react/-/react-18.0.0.tgz",
      "integrity": "sha512-x+VL6wbT4JRVPm7EGxXhZ8w8LTROaxPXOqhlGyVSrv0sB1jkyFGgXxJ8LVoPRLvPR6/CIZGFmfzqUa2NYeMr2A==",
      "requires": {
        "loose-envify": "^1.1.0"
      }
    },
    "regenerator-runtime": {
      "version": "0.13.9",
      "resolved": "https://registry.npmjs.org/regenerator-runtime/-/regenerator-runtime-0.13.9.tgz",
      "integrity": "sha512-p3VT+cOEgxFsRRA9X4lkI1E+k2/CtnKtU4gcxyaCUreilL/vqI6CdZ3wxVUx3UOUg+gnUOQQcRI7BmSI656MYA=="
    },
    "typescript": {
      "version": "4.6.3",
      "resolved": "https://registry.npmjs.org/typescript/-/typescript-4.6.3.tgz",
      "integrity": "sha512-yNIatDa5iaofVozS/uQJEl3JRWLKKGJKh6Yaiv0GLGSuhpFJe7P3SbHZ8/yjAHRQwKRoA6YZqlfjXWmVzoVSMw==",
      "dev": true
    },
    "xueyan-react-ellipsis": {
      "version": "1.0.4",
      "resolved": "https://registry.npmjs.org/xueyan-react-ellipsis/-/xueyan-react-ellipsis-1.0.4.tgz",
      "integrity": "sha512-PUL0YoBRHYbSTrm+3h6fWwLoJXE9Jhpl1dtwVBahZzSgUV/VVhXUgom+L5SKGkrnLRr8A1nSnC8DUxd0ucKvDw==",
      "requires": {
        "@babel/runtime": "^7.12.0",
        "xueyan-react-popover": "^1.1.1"
      }
    },
    "xueyan-react-popover": {
      "version": "1.2.0",
      "resolved": "https://registry.npmjs.org/xueyan-react-popover/-/xueyan-react-popover-1.2.0.tgz",
      "integrity": "sha512-FO5DWzxqJds5B4ybMHEqnaK+aq37RQ0gpILW0UMl2AYy68rHRqg936F2bE3AcWXOQ5OItQoGeJqVhLzlBzGXqQ==",
      "requires": {
        "@babel/runtime": "^7.12.0",
        "xueyan-react-style": "^1.2.0",
        "xueyan-react-transition": "^1.0.5"
      }
    },
    "xueyan-react-style": {
      "version": "1.2.1",
      "resolved": "https://registry.npmjs.org/xueyan-react-style/-/xueyan-react-style-1.2.1.tgz",
      "integrity": "sha512-LYvIms8N+rKfXv5BpnUXNXWeQwBM+UnmOssWqV/p/BUcXtra7JJos3rDYd5OOO0oPj8c0bWvlCD2wQp1tWJ0pg==",
      "requires": {
        "@babel/runtime": "^7.12.0",
        "eventemitter3": "^4.0.7"
      }
    },
    "xueyan-react-transition": {
      "version": "1.0.6",
      "resolved": "https://registry.npmjs.org/xueyan-react-transition/-/xueyan-react-transition-1.0.6.tgz",
      "integrity": "sha512-5ngBck7JDX38wKEM49zN5k2qWzgOHo7+cAHYCMv+ozAc+nI3+yonH6oa/BqMiwCNk8oBjHN6s6hK+hE8dNlqbQ==",
      "requires": {
        "@babel/runtime": "^7.12.0"
      }
    }
  }
}
